{
  "requires": true,
  "lockfileVersion": 1,
  "dependencies": {
    "country-in-text-detector": {
      "version": "1.0.10",
      "resolved": "https://registry.npmjs.org/country-in-text-detector/-/country-in-text-detector-1.0.10.tgz",
      "integrity": "sha1-r2AsHgMSFGPskfiWMwGxwFuFw+o="
    }
  }
}
